%{
  "cowboy": {:hex, :cowboy, "2.19.0", "78b9d92d25a23e56d7341040b67946c04067cd77de966e2372865f673a8e6f59", [:make, :rebar3], [{:cowlib, ">= 2.20.0 and < 3.0.0", [hex: :cowlib, repo: "hexpm", optional: false]}, {:ranch, ">= 1.8.0 and < 3.0.0", [hex: :ranch, repo: "hexpm", optional: false]}], "hexpm", "986dae81f99fcb78ef2d8efc21d738cee189410840eeaf32eca84ada81dcf6d4"},
  "cowlib": {:hex, :cowlib, "2.20.0", "bb525377ba634cd6d68bac7bff5d98571f738806139d335daca827717c5dc172", [:make, :rebar3], [], "hexpm", "7d41a0dd2c093041ff3779ac5fe8a1585a68ec7cb2dd1de0536bdd2452fd7ba1"},
  "db_connection": {:hex, :db_connection, "2.10.2", "ae391e803a5adff104da913c2fc1c0c14a37f8b10001dcef568796e1fb7bf95c", [:mix], [{:telemetry, "~> 0.4 or ~> 1.0", [hex: :telemetry, repo: "hexpm", optional: false]}], "hexpm", "510b14482330f1af6490a2fa0efd8d4f1435d1529b165647df22ac0f2df0fa93"},
  "decimal": {:hex, :decimal, "3.1.1", "430d87b04011ce6cbd4fd205be758311a81f87d552d40904abd00f015935b1d0", [:mix], [], "hexpm", "c5f25f2ced74a0587d03e6023f595db8e924c9d3922c8c8ffd9edfc4498cf1f6"},
  "ecto": {:hex, :ecto, "3.14.2", "99db28a864293a789c970651de711e3cae184291e0e7ea1166c54055ac41c1f3", [:mix], [{:decimal, "~> 3.0", [hex: :decimal, repo: "hexpm", optional: false]}, {:jason, "~> 1.0", [hex: :jason, repo: "hexpm", optional: true]}, {:telemetry, "~> 0.4 or ~> 1.0", [hex: :telemetry, repo: "hexpm", optional: false]}], "hexpm", "25d60b8c816a07d19d85b80bdf60978bd8b102209dda198d768cd7c6745339a6"},
  "ecto_sql": {:hex, :ecto_sql, "3.14.0", "06446ab8410d2f85bfbb80857ee224ab3b693700cbb38f6535d507449a627b2e", [:mix], [{:db_connection, "~> 2.9", [hex: :db_connection, repo: "hexpm", optional: false]}, {:decimal, "~> 3.0", [hex: :decimal, repo: "hexpm", optional: false]}, {:ecto, "~> 3.14.0", [hex: :ecto, repo: "hexpm", optional: false]}, {:myxql, "~> 0.8", [hex: :myxql, repo: "hexpm", optional: true]}, {:postgrex, "~> 0.19 or ~> 1.0", [hex: :postgrex, repo: "hexpm", optional: true]}, {:tds, "~> 2.1.1 or ~> 2.2", [hex: :tds, repo: "hexpm", optional: true]}, {:telemetry, "~> 0.4.0 or ~> 1.0", [hex: :telemetry, repo: "hexpm", optional: false]}], "hexpm", "f4d8d36faf294c9417b5a37ec7ac8217ee2abdef5fcf197ba690f361548d3949"},
  "flow": {:hex, :flow, "1.2.4", "1dd58918287eb286656008777cb32714b5123d3855956f29aa141ebae456922d", [:mix], [{:gen_stage, "~> 1.0", [hex: :gen_stage, repo: "hexpm", optional: false]}], "hexpm", "874adde96368e71870f3510b91e35bc31652291858c86c0e75359cbdd35eb211"},
  "gen_stage": {:hex, :gen_stage, "1.3.2", "7c77e5d1e97de2c6c2f78f306f463bca64bf2f4c3cdd606affc0100b89743b7b", [:mix], [], "hexpm", "0ffae547fa777b3ed889a6b9e1e64566217413d018cabd825f786e843ffe63e7"},
  "geo": {:hex, :geo, "4.1.0", "64ba89a64cc400b5b16dd2f5bd644cb141776eb8c2ac5a983332c8d944936c12", [:mix], [{:jason, "~> 1.4", [hex: :jason, repo: "hexpm", optional: true]}], "hexpm", "19edb2b3398ca9f701b573b1fb11bc90951ebd64f18b06bd1bf35abe509a2934"},
  "geo_postgis": {:hex, :geo_postgis, "3.7.1", "614f25b42334a615bd54bb09c22030b1aac7bac8f829bd823ab1faccf093a324", [:mix], [{:ecto, "~> 3.0", [hex: :ecto, repo: "hexpm", optional: true]}, {:geo, "~> 3.6 or ~> 4.0", [hex: :geo, repo: "hexpm", optional: false]}, {:jason, "~> 1.2", [hex: :jason, repo: "hexpm", optional: true]}, {:poison, "~> 2.2 or ~> 3.0 or ~> 4.0 or ~> 5.0 or ~> 6.0", [hex: :poison, repo: "hexpm", optional: true]}, {:postgrex, ">= 0.0.0", [hex: :postgrex, repo: "hexpm", optional: false]}], "hexpm", "c20d823c600d35b7fe9ddd5be03052bb7136c57d6f1775dbd46871545e405280"},
  "googleapis": {:hex, :googleapis, "0.1.0", "13770f3f75f5b863fb9acf41633c7bc71bad788f3f553b66481a096d083ee20e", [:mix], [{:protobuf, "~> 0.12", [hex: :protobuf, repo: "hexpm", optional: false]}], "hexpm", "1989a7244fd17d3eb5f3de311a022b656c3736b39740db46506157c4604bd212"},
  "grpc": {:hex, :grpc, "1.0.5", "71082f1a2d0ff6d2a4198efaf514c33e71485167d1e278022bc0641cd788cea2", [:mix], [{:castore, "~> 1.0", [hex: :castore, repo: "hexpm", optional: true]}, {:grpc_core, "~> 1.0.5", [hex: :grpc_core, repo: "hexpm", optional: false]}, {:gun, "~> 2.4.0", [hex: :gun, repo: "hexpm", optional: true]}, {:mint, "~> 1.9", [hex: :mint, repo: "hexpm", optional: true]}], "hexpm", "5e892e542a2e0f05ed17a4ad3814483e3980eaa93906f993dac9e08369b178ea"},
  "grpc_core": {:hex, :grpc_core, "1.0.5", "add39a2ca38604f73c8b2feed30c0fd2d2291daedac8060ee1a75b5658f0a69d", [:mix], [{:googleapis, "~> 0.1.0", [hex: :googleapis, repo: "hexpm", optional: false]}, {:jason, ">= 0.0.0", [hex: :jason, repo: "hexpm", optional: false]}, {:protobuf, "~> 0.17", [hex: :protobuf, repo: "hexpm", optional: false]}, {:telemetry, "~> 1.0", [hex: :telemetry, repo: "hexpm", optional: false]}], "hexpm", "a18ae7380cfebc20271aad36393e8aa041e1faa926fa25f40328e4350f83d8f0"},
  "grpc_reflection": {:hex, :grpc_reflection, "0.5.0", "5cb5d0f7c688395dbbbfa55d8a51c82ca87cf5e28d3f473f3003040a3617fa96", [:mix], [{:grpc, "~> 1.0", [hex: :grpc, repo: "hexpm", optional: false]}, {:grpc_server, "~> 1.0", [hex: :grpc_server, repo: "hexpm", optional: false]}, {:protobuf, "~> 0.17", [hex: :protobuf, repo: "hexpm", optional: false]}], "hexpm", "e86382d4d2ec1542927fd0e8366d6ba45563135781ad4ba73b19fee4e7cc434b"},
  "grpc_server": {:hex, :grpc_server, "1.0.5", "7cad10f412de85d5a7329f09302f17644142702ca7d5cbe47cf68a6cce463ad9", [:mix], [{:cowboy, "~> 2.14", [hex: :cowboy, repo: "hexpm", optional: false]}, {:cowlib, "~> 2.14", [hex: :cowlib, repo: "hexpm", optional: false]}, {:flow, "~> 1.2", [hex: :flow, repo: "hexpm", optional: false]}, {:grpc_core, "~> 1.0.5", [hex: :grpc_core, repo: "hexpm", optional: false]}, {:protobuf, "~> 0.17", [hex: :protobuf, repo: "hexpm", optional: false]}], "hexpm", "1a7df870e92dad4d7c12ec1bd264a06c94cbab2f12b054064636ee2b486607b0"},
  "gun": {:hex, :gun, "2.4.1", "c3a8bff8e155e1fc8e499216599bb7effbd27bc1985662a8b25016090dc18428", [:make, :rebar3], [{:cowlib, ">= 2.15.0 and < 3.0.0", [hex: :cowlib, repo: "hexpm", optional: false]}], "hexpm", "1450575b4d393aa0811322727b90ad1dd94b5c10026f54a1641785bcbd250384"},
  "jason": {:hex, :jason, "1.4.5", "2e3a008590b0b8d7388c20293e9dcc9cf3e5d642fd2a114e4cbbb52e595d940a", [:mix], [{:decimal, "~> 1.0 or ~> 2.0 or ~> 3.0", [hex: :decimal, repo: "hexpm", optional: true]}], "hexpm", "b0c823996102bcd0239b3c2444eb00409b72f6a140c1950bc8b457d836b30684"},
  "postgrex": {:hex, :postgrex, "0.22.4", "d271f595dfd25230b6398354e19d17bb5e2d20130fd2d9bdca7e15f125d43552", [:mix], [{:db_connection, "~> 2.9", [hex: :db_connection, repo: "hexpm", optional: false]}, {:decimal, "~> 1.5 or ~> 2.0 or ~> 3.0", [hex: :decimal, repo: "hexpm", optional: false]}, {:jason, "~> 1.0", [hex: :jason, repo: "hexpm", optional: true]}, {:table, "~> 0.1.0", [hex: :table, repo: "hexpm", optional: true]}], "hexpm", "4aae45a2d60e35b04eea2602440be152fae332901f1fc7a60fc7cb7f0f9a9c5a"},
  "protobuf": {:hex, :protobuf, "0.17.0", "39e24e43c9648e148feba16ed51100b5b2028ea900b55460377b0476f6e10613", [:mix], [{:jason, "~> 1.2", [hex: :jason, repo: "hexpm", optional: true]}], "hexpm", "ca6c91f6f63e2c147b47f03eefd10b80538aa6fc55ff4b12b795efb786b0152f"},
  "protobuf_generate": {:hex, :protobuf_generate, "0.2.1", "c5152be200576eac58e01f4a681843b6a52f3fc996d3c03dafbe02f474bdb756", [:mix], [{:protobuf, "~> 0.17", [hex: :protobuf, repo: "hexpm", optional: false]}], "hexpm", "fce94212db9c22e9f1245cbbd3f18ed963ed22a98fa8227d759dddf77e232b6a"},
  "ranch": {:hex, :ranch, "2.3.0", "7de7b041a9a6a5091a3aa5898d66c0564be671d87db4f9d63b1b5ee775b097df", [:make, :rebar3], [], "hexpm", "6168ec49409d982f7cfbd83dd083144f6cbe67caa4036551d2f0a3ad67c9d023"},
  "telemetry": {:hex, :telemetry, "1.4.2", "a0cb522801dffb1c49fe6e30561badffc7b6d0e180db1300df759faa22062855", [:rebar3], [], "hexpm", "928f6495066506077862c0d1646609eed891a4326bee3126ba54b60af61febb1"},
}
